// !$*UTF8*$!
{
	archiveVersion = 1;
	classes = {
	};
	objectVersion = 46;
	objects = {

/* Begin PBXBuildFile section */
		0FCB77461EB06AAD00E53214 /* main.m in Sources */ = {isa = PBXBuildFile; fileRef = 0FCB77451EB06AAD00E53214 /* main.m */; };
		0FCB77491EB06AAD00E53214 /* AppDelegate.m in Sources */ = {isa = PBXBuildFile; fileRef = 0FCB77481EB06AAD00E53214 /* AppDelegate.m */; };
		0FCB77511EB06AAD00E53214 /* Assets.xcassets in Resources */ = {isa = PBXBuildFile; fileRef = 0FCB77501EB06AAD00E53214 /* Assets.xcassets */; };
		0FCB77541EB06AAD00E53214 /* LaunchScreen.storyboard in Resources */ = {isa = PBXBuildFile; fileRef = 0FCB77521EB06AAD00E53214 /* LaunchScreen.storyboard */; };
		0FCB775F1EB06AAE00E53214 /* HJSearchUIDemoTests.m in Sources */ = {isa = PBXBuildFile; fileRef = 0FCB775E1EB06AAE00E53214 /* HJSearchUIDemoTests.m */; };
		0FCB776A1EB06AAE00E53214 /* HJSearchUIDemoUITests.m in Sources */ = {isa = PBXBuildFile; fileRef = 0FCB77691EB06AAE00E53214 /* HJSearchUIDemoUITests.m */; };
		0FCB77791EB06B0800E53214 /* RootViewController.m in Sources */ = {isa = PBXBuildFile; fileRef = 0FCB77781EB06B0800E53214 /* RootViewController.m */; };
		0FCB77801EB06B0C00E53214 /* DisplaySearch.storyboard in Resources */ = {isa = PBXBuildFile; fileRef = 0FCB777B1EB06B0C00E53214 /* DisplaySearch.storyboard */; };
		0FCB77811EB06B0C00E53214 /* HJHeaderSearchController.m in Sources */ = {isa = PBXBuildFile; fileRef = 0FCB777D1EB06B0C00E53214 /* HJHeaderSearchController.m */; };
		0FCB77821EB06B0C00E53214 /* HJSectionSearchController.m in Sources */ = {isa = PBXBuildFile; fileRef = 0FCB777F1EB06B0C00E53214 /* HJSectionSearchController.m */; };
		0FCB77841EB06B1D00E53214 /* Root.storyboard in Resources */ = {isa = PBXBuildFile; fileRef = 0FCB77831EB06B1D00E53214 /* Root.storyboard */; };
/* End PBXBuildFile section */

/* Begin PBXContainerItemProxy section */
		0FCB775B1EB06AAE00E53214 /* PBXContainerItemProxy */ = {
			isa = PBXContainerItemProxy;
			containerPortal = 0FCB77391EB06AAD00E53214 /* Project object */;
			proxyType = 1;
			remoteGlobalIDString = 0FCB77401EB06AAD00E53214;
			remoteInfo = HJSearchUIDemo;
		};
		0FCB77661EB06AAE00E53214 /* PBXContainerItemProxy */ = {
			isa = PBXContainerItemProxy;
			containerPortal = 0FCB77391EB06AAD00E53214 /* Project object */;
			proxyType = 1;
			remoteGlobalIDString = 0FCB77401EB06AAD00E53214;
			remoteInfo = HJSearchUIDemo;
		};
/* End PBXContainerItemProxy section */

/* Begin PBXFileReference section */
		0FCB77411EB06AAD00E53214 /* HJSearchUIDemo.app */ = {isa = PBXFileReference; explicitFileType = wrapper.application; includeInIndex = 0; path = HJSearchUIDemo.app; sourceTree = BUILT_PRODUCTS_DIR; };
		0FCB77451EB06AAD00E53214 /* main.m */ = {isa = PBXFileReference; lastKnownFileType = sourcecode.c.objc; path = main.m; sourceTree = "<group>"; };
		0FCB77471EB06AAD00E53214 /* AppDelegate.h */ = {isa = PBXFileReference; lastKnownFileType = sourcecode.c.h; path = AppDelegate.h; sourceTree = "<group>"; };
		0FCB77481EB06AAD00E53214 /* AppDelegate.m */ = {isa = PBXFileReference; lastKnownFileType = sourcecode.c.objc; path = AppDelegate.m; sourceTree = "<group>"; };
		0FCB77501EB06AAD00E53214 /* Assets.xcassets */ = {isa = PBXFileReference; lastKnownFileType = folder.assetcatalog; path = Assets.xcassets; sourceTree = "<group>"; };
		0FCB77531EB06AAD00E53214 /* Base */ = {isa = PBXFileReference; lastKnownFileType = file.storyboard; name = Base; path = Base.lproj/LaunchScreen.storyboard; sourceTree = "<group>"; };
		0FCB77551EB06AAD00E53214 /* Info.plist */ = {isa = PBXFileReference; lastKnownFileType = text.plist.xml; path = Info.plist; sourceTree = "<group>"; };
		0FCB775A1EB06AAE00E53214 /* HJSearchUIDemoTests.xctest */ = {isa = PBXFileReference; explicitFileType = wrapper.cfbundle; includeInIndex = 0; path = HJSearchUIDemoTests.xctest; sourceTree = BUILT_PRODUCTS_DIR; };
		0FCB775E1EB06AAE00E53214 /* HJSearchUIDemoTests.m */ = {isa = PBXFileReference; lastKnownFileType = sourcecode.c.objc; path = HJSearchUIDemoTests.m; sourceTree = "<group>"; };
		0FCB77601EB06AAE00E53214 /* Info.plist */ = {isa = PBXFileReference; lastKnownFileType = text.plist.xml; path = Info.plist; sourceTree = "<group>"; };
		0FCB77651EB06AAE00E53214 /* HJSearchUIDemoUITests.xctest */ = {isa = PBXFileReference; explicitFileType = wrapper.cfbundle; includeInIndex = 0; path = HJSearchUIDemoUITests.xctest; sourceTree = BUILT_PRODUCTS_DIR; };
		0FCB77691EB06AAE00E53214 /* HJSearchUIDemoUITests.m */ = {isa = PBXFileReference; lastKnownFileType = sourcecode.c.objc; path = HJSearchUIDemoUITests.m; sourceTree = "<group>"; };
		0FCB776B1EB06AAE00E53214 /* Info.plist */ = {isa = PBXFileReference; lastKnownFileType = text.plist.xml; path = Info.plist; sourceTree = "<group>"; };
		0FCB77771EB06B0800E53214 /* RootViewController.h */ = {isa = PBXFileReference; fileEncoding = 4; lastKnownFileType = sourcecode.c.h; path = RootViewController.h; sourceTree = "<group>"; };
		0FCB77781EB06B0800E53214 /* RootViewController.m */ = {isa = PBXFileReference; fileEncoding = 4; lastKnownFileType = sourcecode.c.objc; path = RootViewController.m; sourceTree = "<group>"; };
		0FCB777B1EB06B0C00E53214 /* DisplaySearch.storyboard */ = {isa = PBXFileReference; fileEncoding = 4; lastKnownFileType = file.storyboard; path = DisplaySearch.storyboard; sourceTree = "<group>"; };
		0FCB777C1EB06B0C00E53214 /* HJHeaderSearchController.h */ = {isa = PBXFileReference; fileEncoding = 4; lastKnownFileType = sourcecode.c.h; path = HJHeaderSearchController.h; sourceTree = "<group>"; };
		0FCB777D1EB06B0C00E53214 /* HJHeaderSearchController.m */ = {isa = PBXFileReference; fileEncoding = 4; lastKnownFileType = sourcecode.c.objc; path = HJHeaderSearchController.m; sourceTree = "<group>"; };
		0FCB777E1EB06B0C00E53214 /* HJSectionSearchController.h */ = {isa = PBXFileReference; fileEncoding = 4; lastKnownFileType = sourcecode.c.h; path = HJSectionSearchController.h; sourceTree = "<group>"; };
		0FCB777F1EB06B0C00E53214 /* HJSectionSearchController.m */ = {isa = PBXFileReference; fileEncoding = 4; lastKnownFileType = sourcecode.c.objc; path = HJSectionSearchController.m; sourceTree = "<group>"; };
		0FCB77831EB06B1D00E53214 /* Root.storyboard */ = {isa = PBXFileReference; fileEncoding = 4; lastKnownFileType = file.storyboard; path = Root.storyboard; sourceTree = "<group>"; };
/* End PBXFileReference section */

/* Begin PBXFrameworksBuildPhase section */
		0FCB773E1EB06AAD00E53214 /* Frameworks */ = {
			isa = PBXFrameworksBuildPhase;
			buildActionMask = 2147483647;
			files = (
			);
			runOnlyForDeploymentPostprocessing = 0;
		};
		0FCB77571EB06AAE00E53214 /* Frameworks */ = {
			isa = PBXFrameworksBuildPhase;
			buildActionMask = 2147483647;
			files = (
			);
			runOnlyForDeploymentPostprocessing = 0;
		};
		0FCB77621EB06AAE00E53214 /* Frameworks */ = {
			isa = PBXFrameworksBuildPhase;
			buildActionMask = 2147483647;
			files = (
			);
			runOnlyForDeploymentPostprocessing = 0;
		};
/* End PBXFrameworksBuildPhase section */

/* Begin PBXGroup section */
		0FCB77381EB06AAD00E53214 = {
			isa = PBXGroup;
			children = (
				0FCB77431EB06AAD00E53214 /* HJSearchUIDemo */,
				0FCB775D1EB06AAE00E53214 /* HJSearchUIDemoTests */,
				0FCB77681EB06AAE00E53214 /* HJSearchUIDemoUITests */,
				0FCB77421EB06AAD00E53214 /* Products */,
			);
			sourceTree = "<group>";
		};
		0FCB77421EB06AAD00E53214 /* Products */ = {
			isa = PBXGroup;
			children = (
				0FCB77411EB06AAD00E53214 /* HJSearchUIDemo.app */,
				0FCB775A1EB06AAE00E53214 /* HJSearchUIDemoTests.xctest */,
				0FCB77651EB06AAE00E53214 /* HJSearchUIDemoUITests.xctest */,
			);
			name = Products;
			sourceTree = "<group>";
		};
		0FCB77431EB06AAD00E53214 /* HJSearchUIDemo */ = {
			isa = PBXGroup;
			children = (
				0FCB777A1EB06B0C00E53214 /* HJDisplaySearch */,
				0FCB77471EB06AAD00E53214 /* AppDelegate.h */,
				0FCB77481EB06AAD00E53214 /* AppDelegate.m */,
				0FCB77771EB06B0800E53214 /* RootViewController.h */,
				0FCB77781EB06B0800E53214 /* RootViewController.m */,
				0FCB77831EB06B1D00E53214 /* Root.storyboard */,
				0FCB77501EB06AAD00E53214 /* Assets.xcassets */,
				0FCB77521EB06AAD00E53214 /* LaunchScreen.storyboard */,
				0FCB77551EB06AAD00E53214 /* Info.plist */,
				0FCB77441EB06AAD00E53214 /* Supporting Files */,
			);
			path = HJSearchUIDemo;
			sourceTree = "<group>";
		};
		0FCB77441EB06AAD00E53214 /* Supporting Files */ = {
			isa = PBXGroup;
			children = (
				0FCB77451EB06AAD00E53214 /* main.m */,
			);
			name = "Supporting Files";
			sourceTree = "<group>";
		};
		0FCB775D1EB06AAE00E53214 /* HJSearchUIDemoTests */ = {
			isa = PBXGroup;
			children = (
				0FCB775E1EB06AAE00E53214 /* HJSearchUIDemoTests.m */,
				0FCB77601EB06AAE00E53214 /* Info.plist */,
			);
			path = HJSearchUIDemoTests;
			sourceTree = "<group>";
		};
		0FCB77681EB06AAE00E53214 /* HJSearchUIDemoUITests */ = {
			isa = PBXGroup;
			children = (
				0FCB77691EB06AAE00E53214 /* HJSearchUIDemoUITests.m */,
				0FCB776B1EB06AAE00E53214 /* Info.plist */,
			);
			path = HJSearchUIDemoUITests;
			sourceTree = "<group>";
		};
		0FCB777A1EB06B0C00E53214 /* HJDisplaySearch */ = {
			isa = PBXGroup;
			children = (
				0FCB777C1EB06B0C00E53214 /* HJHeaderSearchController.h */,
				0FCB777D1EB06B0C00E53214 /* HJHeaderSearchController.m */,
				0FCB777E1EB06B0C00E53214 /* HJSectionSearchController.h */,
				0FCB777F1EB06B0C00E53214 /* HJSectionSearchController.m */,
				0FCB777B1EB06B0C00E53214 /* DisplaySearch.storyboard */,
			);
			path = HJDisplaySearch;
			sourceTree = "<group>";
		};
/* End PBXGroup section */

/* Begin PBXNativeTarget section */
		0FCB77401EB06AAD00E53214 /* HJSearchUIDemo */ = {
			isa = PBXNativeTarget;
			buildConfigurationList = 0FCB776E1EB06AAE00E53214 /* Build configuration list for PBXNativeTarget "HJSearchUIDemo" */;
			buildPhases = (
				0FCB773D1EB06AAD00E53214 /* Sources */,
				0FCB773E1EB06AAD00E53214 /* Frameworks */,
				0FCB773F1EB06AAD00E53214 /* Resources */,
			);
			buildRules = (
			);
			dependencies = (
			);
			name = HJSearchUIDemo;
			productName = HJSearchUIDemo;
			productReference = 0FCB77411EB06AAD00E53214 /* HJSearchUIDemo.app */;
			productType = "com.apple.product-type.application";
		};
		0FCB77591EB06AAE00E53214 /* HJSearchUIDemoTests */ = {
			isa = PBXNativeTarget;
			buildConfigurationList = 0FCB77711EB06AAE00E53214 /* Build configuration list for PBXNativeTarget "HJSearchUIDemoTests" */;
			buildPhases = (
				0FCB77561EB06AAE00E53214 /* Sources */,
				0FCB77571EB06AAE00E53214 /* Frameworks */,
				0FCB77581EB06AAE00E53214 /* Resources */,
			);
			buildRules = (
			);
			dependencies = (
				0FCB775C1EB06AAE00E53214 /* PBXTargetDependency */,
			);
			name = HJSearchUIDemoTests;
			productName = HJSearchUIDemoTests;
			productReference = 0FCB775A1EB06AAE00E53214 /* HJSearchUIDemoTests.xctest */;
			productType = "com.apple.product-type.bundle.unit-test";
		};
		0FCB77641EB06AAE00E53214 /* HJSearchUIDemoUITests */ = {
			isa = PBXNativeTarget;
			buildConfigurationList = 0FCB77741EB06AAE00E53214 /* Build configuration list for PBXNativeTarget "HJSearchUIDemoUITests" */;
			buildPhases = (
				0FCB77611EB06AAE00E53214 /* Sources */,
				0FCB77621EB06AAE00E53214 /* Frameworks */,
				0FCB77631EB06AAE00E53214 /* Resources */,
			);
			buildRules = (
			);
			dependencies = (
				0FCB77671EB06AAE00E53214 /* PBXTargetDependency */,
			);
			name = HJSearchUIDemoUITests;
			productName = HJSearchUIDemoUITests;
			productReference = 0FCB77651EB06AAE00E53214 /* HJSearchUIDemoUITests.xctest */;
			productType = "com.apple.product-type.bundle.ui-testing";
		};
/* End PBXNativeTarget section */

/* Begin PBXProject section */
		0FCB77391EB06AAD00E53214 /* Project object */ = {
			isa = PBXProject;
			attributes = {
				LastUpgradeCheck = 0830;
				ORGANIZATIONNAME = zuweizhong;
				TargetAttributes = {
					0FCB77401EB06AAD00E53214 = {
						CreatedOnToolsVersion = 8.3.2;
						ProvisioningStyle = Automatic;
					};
					0FCB77591EB06AAE00E53214 = {
						CreatedOnToolsVersion = 8.3.2;
						ProvisioningStyle = Automatic;
						TestTargetID = 0FCB77401EB06AAD00E53214;
					};
					0FCB77641EB06AAE00E53214 = {
						CreatedOnToolsVersion = 8.3.2;
						ProvisioningStyle = Automatic;
						TestTargetID = 0FCB77401EB06AAD00E53214;
					};
				};
			};
			buildConfigurationList = 0FCB773C1EB06AAD00E53214 /* Build configuration list for PBXProject "HJSearchUIDemo" */;
			compatibilityVersion = "Xcode 3.2";
			developmentRegion = English;
			hasScannedForEncodings = 0;
			knownRegions = (
				en,
				Base,
			);
			mainGroup = 0FCB77381EB06AAD00E53214;
			productRefGroup = 0FCB77421EB06AAD00E53214 /* Products */;
			projectDirPath = "";
			projectRoot = "";
			targets = (
				0FCB77401EB06AAD00E53214 /* HJSearchUIDemo */,
				0FCB77591EB06AAE00E53214 /* HJSearchUIDemoTests */,
				0FCB77641EB06AAE00E53214 /* HJSearchUIDemoUITests */,
			);
		};
/* End PBXProject section */

/* Begin PBXResourcesBuildPhase section */
		0FCB773F1EB06AAD00E53214 /* Resources */ = {
			isa = PBXResourcesBuildPhase;
			buildActionMask = 2147483647;
			files = (
				0FCB77801EB06B0C00E53214 /* DisplaySearch.storyboard in Resources */,
				0FCB77541EB06AAD00E53214 /* LaunchScreen.storyboard in Resources */,
				0FCB77841EB06B1D00E53214 /* Root.storyboard in Resources */,
				0FCB77511EB06AAD00E53214 /* Assets.xcassets in Resources */,
			);
			runOnlyForDeploymentPostprocessing = 0;
		};
		0FCB77581EB06AAE00E53214 /* Resources */ = {
			isa = PBXResourcesBuildPhase;
			buildActionMask = 2147483647;
			files = (
			);
			runOnlyForDeploymentPostprocessing = 0;
		};
		0FCB77631EB06AAE00E53214 /* Resources */ = {
			isa = PBXResourcesBuildPhase;
			buildActionMask = 2147483647;
			files = (
			);
			runOnlyForDeploymentPostprocessing = 0;
		};
/* End PBXResourcesBuildPhase section */

/* Begin PBXSourcesBuildPhase section */
		0FCB773D1EB06AAD00E53214 /* Sources */ = {
			isa = PBXSourcesBuildPhase;
			buildActionMask = 2147483647;
			files = (
				0FCB77491EB06AAD00E53214 /* AppDelegate.m in Sources */,
				0FCB77821EB06B0C00E53214 /* HJSectionSearchController.m in Sources */,
				0FCB77461EB06AAD00E53214 /* main.m in Sources */,
				0FCB77811EB06B0C00E53214 /* HJHeaderSearchController.m in Sources */,
				0FCB77791EB06B0800E53214 /* RootViewController.m in Sources */,
			);
			runOnlyForDeploymentPostprocessing = 0;
		};
		0FCB77561EB06AAE00E53214 /* Sources */ = {
			isa = PBXSourcesBuildPhase;
			buildActionMask = 2147483647;
			files = (
				0FCB775F1EB06AAE00E53214 /* HJSearchUIDemoTests.m in Sources */,
			);
			runOnlyForDeploymentPostprocessing = 0;
		};
		0FCB77611EB06AAE00E53214 /* Sources */ = {
			isa = PBXSourcesBuildPhase;
			buildActionMask = 2147483647;
			files = (
				0FCB776A1EB06AAE00E53214 /* HJSearchUIDemoUITests.m in Sources */,
			);
			runOnlyForDeploymentPostprocessing = 0;
		};
/* End PBXSourcesBuildPhase section */

/* Begin PBXTargetDependency section */
		0FCB775C1EB06AAE00E53214 /* PBXTargetDependency */ = {
			isa = PBXTargetDependency;
			target = 0FCB77401EB06AAD00E53214 /* HJSearchUIDemo */;
			targetProxy = 0FCB775B1EB06AAE00E53214 /* PBXContainerItemProxy */;
		};
		0FCB77671EB06AAE00E53214 /* PBXTargetDependency */ = {
			isa = PBXTargetDependency;
			target = 0FCB77401EB06AAD00E53214 /* HJSearchUIDemo */;
			targetProxy = 0FCB77661EB06AAE00E53214 /* PBXContainerItemProxy */;
		};
/* End PBXTargetDependency section */

/* Begin PBXVariantGroup section */
		0FCB77521EB06AAD00E53214 /* LaunchScreen.storyboard */ = {
			isa = PBXVariantGroup;
			children = (
				0FCB77531EB06AAD00E53214 /* Base */,
			);
			name = LaunchScreen.storyboard;
			sourceTree = "<group>";
		};
/* End PBXVariantGroup section */

/* Begin XCBuildConfiguration section */
		0FCB776C1EB06AAE00E53214 /* Debug */ = {
			isa = XCBuildConfiguration;
			buildSettings = {
				ALWAYS_SEARCH_USER_PATHS = NO;
				CLANG_ANALYZER_NONNULL = YES;
				CLANG_ANALYZER_NUMBER_OBJECT_CONVERSION = YES_AGGRESSIVE;
				CLANG_CXX_LANGUAGE_STANDARD = "gnu++0x";
				CLANG_CXX_LIBRARY = "libc++";
				CLANG_ENABLE_MODULES = YES;
				CLANG_ENABLE_OBJC_ARC = YES;
				CLANG_WARN_BOOL_CONVERSION = YES;
				CLANG_WARN_CONSTANT_CONVERSION = YES;
				CLANG_WARN_DIRECT_OBJC_ISA_USAGE = YES_ERROR;
				CLANG_WARN_DOCUMENTATION_COMMENTS = YES;
				CLANG_WARN_EMPTY_BODY = YES;
				CLANG_WARN_ENUM_CONVERSION = YES;
				CLANG_WARN_INFINITE_RECURSION = YES;
				CLANG_WARN_INT_CONVERSION = YES;
				CLANG_WARN_OBJC_ROOT_CLASS = YES_ERROR;
				CLANG_WARN_SUSPICIOUS_MOVE = YES;
				CLANG_WARN_UNREACHABLE_CODE = YES;
				CLANG_WARN__DUPLICATE_METHOD_MATCH = YES;
				"CODE_SIGN_IDENTITY[sdk=iphoneos*]" = "iPhone Developer";
				COPY_PHASE_STRIP = NO;
				DEBUG_INFORMATION_FORMAT = dwarf;
				ENABLE_STRICT_OBJC_MSGSEND = YES;
				ENABLE_TESTABILITY = YES;
				GCC_C_LANGUAGE_STANDARD = gnu99;
				GCC_DYNAMIC_NO_PIC = NO;
				GCC_NO_COMMON_BLOCKS = YES;
				GCC_OPTIMIZATION_LEVEL = 0;
				GCC_PREPROCESSOR_DEFINITIONS = (
					"DEBUG=1",
					"$(inherited)",
				);
				GCC_WARN_64_TO_32_BIT_CONVERSION = YES;
				GCC_WARN_ABOUT_RETURN_TYPE = YES_ERROR;
				GCC_WARN_UNDECLARED_SELECTOR = YES;
				GCC_WARN_UNINITIALIZED_AUTOS = YES_AGGRESSIVE;
				GCC_WARN_UNUSED_FUNCTION = YES;
				GCC_WARN_UNUSED_VARIABLE = YES;
				IPHONEOS_DEPLOYMENT_TARGET = 10.3;
				MTL_ENABLE_DEBUG_INFO = YES;
				ONLY_ACTIVE_ARCH = YES;
				SDKROOT = iphoneos;
			};
			name = Debug;
		};
		0FCB776D1EB06AAE00E53214 /* Release */ = {
			isa = XCBuildConfiguration;
			buildSettings = {
				ALWAYS_SEARCH_USER_PATHS = NO;
				CLANG_ANALYZER_NONNULL = YES;
				CLANG_ANALYZER_NUMBER_OBJECT_CONVERSION = YES_AGGRESSIVE;
				CLANG_CXX_LANGUAGE_STANDARD = "gnu++0x";
				CLANG_CXX_LIBRARY = "libc++";
				CLANG_ENABLE_MODULES = YES;
				CLANG_ENABLE_OBJC_ARC = YES;
				CLANG_WARN_BOOL_CONVERSION = YES;
				CLANG_WARN_CONSTANT_CONVERSION = YES;
				CLANG_WARN_DIRECT_OBJC_ISA_USAGE = YES_ERROR;
				CLANG_WARN_DOCUMENTATION_COMMENTS = YES;
				CLANG_WARN_EMPTY_BODY = YES;
				CLANG_WARN_ENUM_CONVERSION = YES;
				CLANG_WARN_INFINITE_RECURSION = YES;
				CLANG_WARN_INT_CONVERSION = YES;
				CLANG_WARN_OBJC_ROOT_CLASS = YES_ERROR;
				CLANG_WARN_SUSPICIOUS_MOVE = YES;
				CLANG_WARN_UNREACHABLE_CODE = YES;
				CLANG_WARN__DUPLICATE_METHOD_MATCH = YES;
				"CODE_SIGN_IDENTITY[sdk=iphoneos*]" = "iPhone Developer";
				COPY_PHASE_STRIP = NO;
				DEBUG_INFORMATION_FORMAT = "dwarf-with-dsym";
				ENABLE_NS_ASSERTIONS = NO;
				ENABLE_STRICT_OBJC_MSGSEND = YES;
				GCC_C_LANGUAGE_STANDARD = gnu99;
				GCC_NO_COMMON_BLOCKS = YES;
				GCC_WARN_64_TO_32_BIT_CONVERSION = YES;
				GCC_WARN_ABOUT_RETURN_TYPE = YES_ERROR;
				GCC_WARN_UNDECLARED_SELECTOR = YES;
				GCC_WARN_UNINITIALIZED_AUTOS = YES_AGGRESSIVE;
				GCC_WARN_UNUSED_FUNCTION = YES;
				GCC_WARN_UNUSED_VARIABLE = YES;
				IPHONEOS_DEPLOYMENT_TARGET = 10.3;
				MTL_ENABLE_DEBUG_INFO = NO;
				SDKROOT = iphoneos;
				VALIDATE_PRODUCT = YES;
			};
			name = Release;
		};
		0FCB776F1EB06AAE00E53214 /* Debug */ = {
			isa = XCBuildConfiguration;
			buildSettings = {
				ASSETCATALOG_COMPILER_APPICON_NAME = AppIcon;
				INFOPLIST_FILE = HJSearchUIDemo/Info.plist;
				IPHONEOS_DEPLOYMENT_TARGET = 8.0;
				LD_RUNPATH_SEARCH_PATHS = "$(inherited) @executable_path/Frameworks";
				PRODUCT_BUNDLE_IDENTIFIER = hcroad.HJSearchUIDemo;
				PRODUCT_NAME = "$(TARGET_NAME)";
			};
			name = Debug;
		};
		0FCB77701EB06AAE00E53214 /* Release */ = {
			isa = XCBuildConfiguration;
			buildSettings = {
				ASSETCATALOG_COMPILER_APPICON_NAME = AppIcon;
				INFOPLIST_FILE = HJSearchUIDemo/Info.plist;
				IPHONEOS_DEPLOYMENT_TARGET = 8.0;
				LD_RUNPATH_SEARCH_PATHS = "$(inherited) @executable_path/Frameworks";
				PRODUCT_BUNDLE_IDENTIFIER = hcroad.HJSearchUIDemo;
				PRODUCT_NAME = "$(TARGET_NAME)";
			};
			name = Release;
		};
		0FCB77721EB06AAE00E53214 /* Debug */ = {
			isa = XCBuildConfiguration;
			buildSettings = {
				BUNDLE_LOADER = "$(TEST_HOST)";
				INFOPLIST_FILE = HJSearchUIDemoTests/Info.plist;
				LD_RUNPATH_SEARCH_PATHS = "$(inherited) @executable_path/Frameworks @loader_path/Frameworks";
				PRODUCT_BUNDLE_IDENTIFIER = hcroad.HJSearchUIDemoTests;
				PRODUCT_NAME = "$(TARGET_NAME)";
				TEST_HOST = "$(BUILT_PRODUCTS_DIR)/HJSearchUIDemo.app/HJSearchUIDemo";
			};
			name = Debug;
		};
		0FCB77731EB06AAE00E53214 /* Release */ = {
			isa = XCBuildConfiguration;
			buildSettings = {
				BUNDLE_LOADER = "$(TEST_HOST)";
				INFOPLIST_FILE = HJSearchUIDemoTests/Info.plist;
				LD_RUNPATH_SEARCH_PATHS = "$(inherited) @executable_path/Frameworks @loader_path/Frameworks";
				PRODUCT_BUNDLE_IDENTIFIER = hcroad.HJSearchUIDemoTests;
				PRODUCT_NAME = "$(TARGET_NAME)";
				TEST_HOST = "$(BUILT_PRODUCTS_DIR)/HJSearchUIDemo.app/HJSearchUIDemo";
			};
			name = Release;
		};
		0FCB77751EB06AAE00E53214 /* Debug */ = {
			isa = XCBuildConfiguration;
			buildSettings = {
				INFOPLIST_FILE = HJSearchUIDemoUITests/Info.plist;
				LD_RUNPATH_SEARCH_PATHS = "$(inherited) @executable_path/Frameworks @loader_path/Frameworks";
				PRODUCT_BUNDLE_IDENTIFIER = hcroad.HJSearchUIDemoUITests;
				PRODUCT_NAME = "$(TARGET_NAME)";
				TEST_TARGET_NAME = HJSearchUIDemo;
			};
			name = Debug;
		};
		0FCB77761EB06AAE00E53214 /* Release */ = {
			isa = XCBuildConfiguration;
			buildSettings = {
				INFOPLIST_FILE = HJSearchUIDemoUITests/Info.plist;
				LD_RUNPATH_SEARCH_PATHS = "$(inherited) @executable_path/Frameworks @loader_path/Frameworks";
				PRODUCT_BUNDLE_IDENTIFIER = hcroad.HJSearchUIDemoUITests;
				PRODUCT_NAME = "$(TARGET_NAME)";
				TEST_TARGET_NAME = HJSearchUIDemo;
			};
			name = Release;
		};
/* End XCBuildConfiguration section */

/* Begin XCConfigurationList section */
		0FCB773C1EB06AAD00E53214 /* Build configuration list for PBXProject "HJSearchUIDemo" */ = {
			isa = XCConfigurationList;
			buildConfigurations = (
				0FCB776C1EB06AAE00E53214 /* Debug */,
				0FCB776D1EB06AAE00E53214 /* Release */,
			);
			defaultConfigurationIsVisible = 0;
			defaultConfigurationName = Release;
		};
		0FCB776E1EB06AAE00E53214 /* Build configuration list for PBXNativeTarget "HJSearchUIDemo" */ = {
			isa = XCConfigurationList;
			buildConfigurations = (
				0FCB776F1EB06AAE00E53214 /* Debug */,
				0FCB77701EB06AAE00E53214 /* Release */,
			);
			defaultConfigurationIsVisible = 0;
		};
		0FCB77711EB06AAE00E53214 /* Build configuration list for PBXNativeTarget "HJSearchUIDemoTests" */ = {
			isa = XCConfigurationList;
			buildConfigurations = (
				0FCB77721EB06AAE00E53214 /* Debug */,
				0FCB77731EB06AAE00E53214 /* Release */,
			);
			defaultConfigurationIsVisible = 0;
		};
		0FCB77741EB06AAE00E53214 /* Build configuration list for PBXNativeTarget "HJSearchUIDemoUITests" */ = {
			isa = XCConfigurationList;
			buildConfigurations = (
				0FCB77751EB06AAE00E53214 /* Debug */,
				0FCB77761EB06AAE00E53214 /* Release */,
			);
			defaultConfigurationIsVisible = 0;
		};
/* End XCConfigurationList section */
	};
	rootObject = 0FCB77391EB06AAD00E53214 /* Project object */;
}
